# This file is automatically @generated by Cargo.
# It is not intended for manual editing.
version = 3

[[package]]
name = "aero-codex-aerodynamics"
version = "0.1.0-alpha.1"
dependencies = [
 "aero-codex-core",
]

[[package]]
name = "aero-codex-astrodynamics"
version = "0.1.0-alpha.1"
dependencies = [
 "aero-codex-constants",
 "aero-codex-core",
]

[[package]]
name = "aero-codex-atmosphere"
version = "0.1.0-alpha.1"
dependencies = [
 "aero-codex-constants",
 "aero-codex-core",
]

[[package]]
name = "aero-codex-cli"
version = "0.1.0-alpha.1"
dependencies = [
 "aero-codex-astrodynamics",
 "aero-codex-core",
]

[[package]]
name = "aero-codex-constants"
version = "0.1.0-alpha.1"

[[package]]
name = "aero-codex-core"
version = "0.1.0-alpha.1"

[[package]]
name = "aero-codex-flight-dynamics"
version = "0.1.0-alpha.1"
dependencies = [
 "aero-codex-core",
]

[[package]]
name = "aero-codex-gas-dynamics"
version = "0.1.0-alpha.1"
dependencies = [
 "aero-codex-constants",
 "aero-codex-core",
]

[[package]]
name = "aero-codex-heat-transfer"
version = "0.1.0-alpha.1"
dependencies = [
 "aero-codex-constants",
 "aero-codex-core",
]

[[package]]
name = "aero-codex-life-support"
version = "0.1.0-alpha.1"
dependencies = [
 "aero-codex-core",
]

[[package]]
name = "aero-codex-propulsion"
version = "0.1.0-alpha.1"
dependencies = [
 "aero-codex-core",
]

[[package]]
name = "aero-codex-structures"
version = "0.1.0-alpha.1"
dependencies = [
 "aero-codex-core",
]

[[package]]
name = "aero-codex-thermo"
version = "0.1.0-alpha.1"
dependencies = [
 "aero-codex-constants",
 "aero-codex-core",
]

[[package]]
name = "xtask"
version = "0.1.0-alpha.1"
